// !$*UTF8*$!
{
	archiveVersion = 1;
	classes = {
	};
	objectVersion = 46;
	objects = {

/* Begin PBXBuildFile section */
		4FE6515F1A616447006AE6EC /* AppDelegate.swift in Sources */ = {isa = PBXBuildFile; fileRef = 4FE6515E1A616447006AE6EC /* AppDelegate.swift */; };
		4FE651611A616447006AE6EC /* ViewController.swift in Sources */ = {isa = PBXBuildFile; fileRef = 4FE651601A616447006AE6EC /* ViewController.swift */; };
		4FE651641A616447006AE6EC /* Main.storyboard in Resources */ = {isa = PBXBuildFile; fileRef = 4FE651621A616447006AE6EC /* Main.storyboard */; };
		4FE651661A616447006AE6EC /* Images.xcassets in Resources */ = {isa = PBXBuildFile; fileRef = 4FE651651A616447006AE6EC /* Images.xcassets */; };
		4FE651691A616447006AE6EC /* LaunchScreen.xib in Resources */ = {isa = PBXBuildFile; fileRef = 4FE651671A616447006AE6EC /* LaunchScreen.xib */; };
		4FE651751A616447006AE6EC /* OrderChefTests.swift in Sources */ = {isa = PBXBuildFile; fileRef = 4FE651741A616447006AE6EC /* OrderChefTests.swift */; };
/* End PBXBuildFile section */

/* Begin PBXContainerItemProxy section */
		4FE6516F1A616447006AE6EC /* PBXContainerItemProxy */ = {
			isa = PBXContainerItemProxy;
			containerPortal = 4FE651511A616447006AE6EC /* Project object */;
			proxyType = 1;
			remoteGlobalIDString = 4FE651581A616447006AE6EC;
			remoteInfo = OrderChef;
		};
/* End PBXContainerItemProxy section */

/* Begin PBXFileReference section */
		4FE651591A616447006AE6EC /* OrderChef.app */ = {isa = PBXFileReference; explicitFileType = wrapper.application; includeInIndex = 0; path = OrderChef.app; sourceTree = BUILT_PRODUCTS_DIR; };
		4FE6515D1A616447006AE6EC /* Info.plist */ = {isa = PBXFileReference; lastKnownFileType = text.plist.xml; path = Info.plist; sourceTree = "<group>"; };
		4FE6515E1A616447006AE6EC /* AppDelegate.swift */ = {isa = PBXFileReference; lastKnownFileType = sourcecode.swift; path = AppDelegate.swift; sourceTree = "<group>"; };
		4FE651601A616447006AE6EC /* ViewController.swift */ = {isa = PBXFileReference; lastKnownFileType = sourcecode.swift; path = ViewController.swift; sourceTree = "<group>"; };
		4FE651631A616447006AE6EC /* Base */ = {isa = PBXFileReference; lastKnownFileType = file.storyboard; name = Base; path = Base.lproj/Main.storyboard; sourceTree = "<group>"; };
		4FE651651A616447006AE6EC /* Images.xcassets */ = {isa = PBXFileReference; lastKnownFileType = folder.assetcatalog; path = Images.xcassets; sourceTree = "<group>"; };
		4FE651681A616447006AE6EC /* Base */ = {isa = PBXFileReference; lastKnownFileType = file.xib; name = Base; path = Base.lproj/LaunchScreen.xib; sourceTree = "<group>"; };
		4FE6516E1A616447006AE6EC /* OrderChefTests.xctest */ = {isa = PBXFileReference; explicitFileType = wrapper.cfbundle; includeInIndex = 0; path = OrderChefTests.xctest; sourceTree = BUILT_PRODUCTS_DIR; };
		4FE651731A616447006AE6EC /* Info.plist */ = {isa = PBXFileReference; lastKnownFileType = text.plist.xml; path = Info.plist; sourceTree = "<group>"; };
		4FE651741A616447006AE6EC /* OrderChefTests.swift */ = {isa = PBXFileReference; lastKnownFileType = sourcecode.swift; path = OrderChefTests.swift; sourceTree = "<group>"; };
/* End PBXFileReference section */

/* Begin PBXFrameworksBuildPhase section */
		4FE651561A616447006AE6EC /* Frameworks */ = {
			isa = PBXFrameworksBuildPhase;
			buildActionMask = 2147483647;
			files = (
			);
			runOnlyForDeploymentPostprocessing = 0;
		};
		4FE6516B1A616447006AE6EC /* Frameworks */ = {
			isa = PBXFrameworksBuildPhase;
			buildActionMask = 2147483647;
			files = (
			);
			runOnlyForDeploymentPostprocessing = 0;
		};
/* End PBXFrameworksBuildPhase section */

/* Begin PBXGroup section */
		4FE651501A616447006AE6EC = {
			isa = PBXGroup;
			children = (
				4FE6515B1A616447006AE6EC /* OrderChef */,
				4FE651711A616447006AE6EC /* OrderChefTests */,
				4FE6515A1A616447006AE6EC /* Products */,
			);
			sourceTree = "<group>";
		};
		4FE6515A1A616447006AE6EC /* Products */ = {
			isa = PBXGroup;
			children = (
				4FE651591A616447006AE6EC /* OrderChef.app */,
				4FE6516E1A616447006AE6EC /* OrderChefTests.xctest */,
			);
			name = Products;
			sourceTree = "<group>";
		};
		4FE6515B1A616447006AE6EC /* OrderChef */ = {
			isa = PBXGroup;
			children = (
				4FE6515E1A616447006AE6EC /* AppDelegate.swift */,
				4FE651601A616447006AE6EC /* ViewController.swift */,
				4FE651621A616447006AE6EC /* Main.storyboard */,
				4FE651651A616447006AE6EC /* Images.xcassets */,
				4FE651671A616447006AE6EC /* LaunchScreen.xib */,
				4FE6515C1A616447006AE6EC /* Supporting Files */,
			);
			path = OrderChef;
			sourceTree = "<group>";
		};
		4FE6515C1A616447006AE6EC /* Supporting Files */ = {
			isa = PBXGroup;
			children = (
				4FE6515D1A616447006AE6EC /* Info.plist */,
			);
			name = "Supporting Files";
			sourceTree = "<group>";
		};
		4FE651711A616447006AE6EC /* OrderChefTests */ = {
			isa = PBXGroup;
			children = (
				4FE651741A616447006AE6EC /* OrderChefTests.swift */,
				4FE651721A616447006AE6EC /* Supporting Files */,
			);
			path = OrderChefTests;
			sourceTree = "<group>";
		};
		4FE651721A616447006AE6EC /* Supporting Files */ = {
			isa = PBXGroup;
			children = (
				4FE651731A616447006AE6EC /* Info.plist */,
			);
			name = "Supporting Files";
			sourceTree = "<group>";
		};
/* End PBXGroup section */

/* Begin PBXNativeTarget section */
		4FE651581A616447006AE6EC /* OrderChef */ = {
			isa = PBXNativeTarget;
			buildConfigurationList = 4FE651781A616447006AE6EC /* Build configuration list for PBXNativeTarget "OrderChef" */;
			buildPhases = (
				4FE651551A616447006AE6EC /* Sources */,
				4FE651561A616447006AE6EC /* Frameworks */,
				4FE651571A616447006AE6EC /* Resources */,
			);
			buildRules = (
			);
			dependencies = (
			);
			name = OrderChef;
			productName = OrderChef;
			productReference = 4FE651591A616447006AE6EC /* OrderChef.app */;
			productType = "com.apple.product-type.application";
		};
		4FE6516D1A616447006AE6EC /* OrderChefTests */ = {
			isa = PBXNativeTarget;
			buildConfigurationList = 4FE6517B1A616447006AE6EC /* Build configuration list for PBXNativeTarget "OrderChefTests" */;
			buildPhases = (
				4FE6516A1A616447006AE6EC /* Sources */,
				4FE6516B1A616447006AE6EC /* Frameworks */,
				4FE6516C1A616447006AE6EC /* Resources */,
			);
			buildRules = (
			);
			dependencies = (
				4FE651701A616447006AE6EC /* PBXTargetDependency */,
			);
			name = OrderChefTests;
			productName = OrderChefTests;
			productReference = 4FE6516E1A616447006AE6EC /* OrderChefTests.xctest */;
			productType = "com.apple.product-type.bundle.unit-test";
		};
/* End PBXNativeTarget section */

/* Begin PBXProject section */
		4FE651511A616447006AE6EC /* Project object */ = {
			isa = PBXProject;
			attributes = {
				LastUpgradeCheck = 0610;
				ORGANIZATIONNAME = "Matej Kramny";
				TargetAttributes = {
					4FE651581A616447006AE6EC = {
						CreatedOnToolsVersion = 6.1.1;
					};
					4FE6516D1A616447006AE6EC = {
						CreatedOnToolsVersion = 6.1.1;
						TestTargetID = 4FE651581A616447006AE6EC;
					};
				};
			};
			buildConfigurationList = 4FE651541A616447006AE6EC /* Build configuration list for PBXProject "OrderChef" */;
			compatibilityVersion = "Xcode 3.2";
			developmentRegion = English;
			hasScannedForEncodings = 0;
			knownRegions = (
				en,
				Base,
			);
			mainGroup = 4FE651501A616447006AE6EC;
			productRefGroup = 4FE6515A1A616447006AE6EC /* Products */;
			projectDirPath = "";
			projectRoot = "";
			targets = (
				4FE651581A616447006AE6EC /* OrderChef */,
				4FE6516D1A616447006AE6EC /* OrderChefTests */,
			);
		};
/* End PBXProject section */

/* Begin PBXResourcesBuildPhase section */
		4FE651571A616447006AE6EC /* Resources */ = {
			isa = PBXResourcesBuildPhase;
			buildActionMask = 2147483647;
			files = (
				4FE651641A616447006AE6EC /* Main.storyboard in Resources */,
				4FE651691A616447006AE6EC /* LaunchScreen.xib in Resources */,
				4FE651661A616447006AE6EC /* Images.xcassets in Resources */,
			);
			runOnlyForDeploymentPostprocessing = 0;
		};
		4FE6516C1A616447006AE6EC /* Resources */ = {
			isa = PBXResourcesBuildPhase;
			buildActionMask = 2147483647;
			files = (
			);
			runOnlyForDeploymentPostprocessing = 0;
		};
/* End PBXResourcesBuildPhase section */

/* Begin PBXSourcesBuildPhase section */
		4FE651551A616447006AE6EC /* Sources */ = {
			isa = PBXSourcesBuildPhase;
			buildActionMask = 2147483647;
			files = (
				4FE651611A616447006AE6EC /* ViewController.swift in Sources */,
				4FE6515F1A616447006AE6EC /* AppDelegate.swift in Sources */,
			);
			runOnlyForDeploymentPostprocessing = 0;
		};
		4FE6516A1A616447006AE6EC /* Sources */ = {
			isa = PBXSourcesBuildPhase;
			buildActionMask = 2147483647;
			files = (
				4FE651751A616447006AE6EC /* OrderChefTests.swift in Sources */,
			);
			runOnlyForDeploymentPostprocessing = 0;
		};
/* End PBXSourcesBuildPhase section */

/* Begin PBXTargetDependency section */
		4FE651701A616447006AE6EC /* PBXTargetDependency */ = {
			isa = PBXTargetDependency;
			target = 4FE651581A616447006AE6EC /* OrderChef */;
			targetProxy = 4FE6516F1A616447006AE6EC /* PBXContainerItemProxy */;
		};
/* End PBXTargetDependency section */

/* Begin PBXVariantGroup section */
		4FE651621A616447006AE6EC /* Main.storyboard */ = {
			isa = PBXVariantGroup;
			children = (
				4FE651631A616447006AE6EC /* Base */,
			);
			name = Main.storyboard;
			sourceTree = "<group>";
		};
		4FE651671A616447006AE6EC /* LaunchScreen.xib */ = {
			isa = PBXVariantGroup;
			children = (
				4FE651681A616447006AE6EC /* Base */,
			);
			name = LaunchScreen.xib;
			sourceTree = "<group>";
		};
/* End PBXVariantGroup section */

/* Begin XCBuildConfiguration section */
		4FE651761A616447006AE6EC /* Debug */ = {
			isa = XCBuildConfiguration;
			buildSettings = {
				ALWAYS_SEARCH_USER_PATHS = NO;
				CLANG_CXX_LANGUAGE_STANDARD = "gnu++0x";
				CLANG_CXX_LIBRARY = "libc++";
				CLANG_ENABLE_MODULES = YES;
				CLANG_ENABLE_OBJC_ARC = YES;
				CLANG_WARN_BOOL_CONVERSION = YES;
				CLANG_WARN_CONSTANT_CONVERSION = YES;
				CLANG_WARN_DIRECT_OBJC_ISA_USAGE = YES_ERROR;
				CLANG_WARN_EMPTY_BODY = YES;
				CLANG_WARN_ENUM_CONVERSION = YES;
				CLANG_WARN_INT_CONVERSION = YES;
				CLANG_WARN_OBJC_ROOT_CLASS = YES_ERROR;
				CLANG_WARN_UNREACHABLE_CODE = YES;
				CLANG_WARN__DUPLICATE_METHOD_MATCH = YES;
				"CODE_SIGN_IDENTITY[sdk=iphoneos*]" = "iPhone Developer";
				COPY_PHASE_STRIP = NO;
				ENABLE_STRICT_OBJC_MSGSEND = YES;
				GCC_C_LANGUAGE_STANDARD = gnu99;
				GCC_DYNAMIC_NO_PIC = NO;
				GCC_OPTIMIZATION_LEVEL = 0;
				GCC_PREPROCESSOR_DEFINITIONS = (
					"DEBUG=1",
					"$(inherited)",
				);
				GCC_SYMBOLS_PRIVATE_EXTERN = NO;
				GCC_WARN_64_TO_32_BIT_CONVERSION = YES;
				GCC_WARN_ABOUT_RETURN_TYPE = YES_ERROR;
				GCC_WARN_UNDECLARED_SELECTOR = YES;
				GCC_WARN_UNINITIALIZED_AUTOS = YES_AGGRESSIVE;
				GCC_WARN_UNUSED_FUNCTION = YES;
				GCC_WARN_UNUSED_VARIABLE = YES;
				IPHONEOS_DEPLOYMENT_TARGET = 8.1;
				MTL_ENABLE_DEBUG_INFO = YES;
				ONLY_ACTIVE_ARCH = YES;
				SDKROOT = iphoneos;
				SWIFT_OPTIMIZATION_LEVEL = "-Onone";
				TARGETED_DEVICE_FAMILY = "1,2";
			};
			name = Debug;
		};
		4FE651771A616447006AE6EC /* Release */ = {
			isa = XCBuildConfiguration;
			buildSettings = {
				ALWAYS_SEARCH_USER_PATHS = NO;
				CLANG_CXX_LANGUAGE_STANDARD = "gnu++0x";
				CLANG_CXX_LIBRARY = "libc++";
				CLANG_ENABLE_MODULES = YES;
				CLANG_ENABLE_OBJC_ARC = YES;
				CLANG_WARN_BOOL_CONVERSION = YES;
				CLANG_WARN_CONSTANT_CONVERSION = YES;
				CLANG_WARN_DIRECT_OBJC_ISA_USAGE = YES_ERROR;
				CLANG_WARN_EMPTY_BODY = YES;
				CLANG_WARN_ENUM_CONVERSION = YES;
				CLANG_WARN_INT_CONVERSION = YES;
				CLANG_WARN_OBJC_ROOT_CLASS = YES_ERROR;
				CLANG_WARN_UNREACHABLE_CODE = YES;
				CLANG_WARN__DUPLICATE_METHOD_MATCH = YES;
				"CODE_SIGN_IDENTITY[sdk=iphoneos*]" = "iPhone Developer";
				COPY_PHASE_STRIP = YES;
				ENABLE_NS_ASSERTIONS = NO;
				ENABLE_STRICT_OBJC_MSGSEND = YES;
				GCC_C_LANGUAGE_STANDARD = gnu99;
				GCC_WARN_64_TO_32_BIT_CONVERSION = YES;
				GCC_WARN_ABOUT_RETURN_TYPE = YES_ERROR;
				GCC_WARN_UNDECLARED_SELECTOR = YES;
				GCC_WARN_UNINITIALIZED_AUTOS = YES_AGGRESSIVE;
				GCC_WARN_UNUSED_FUNCTION = YES;
				GCC_WARN_UNUSED_VARIABLE = YES;
				IPHONEOS_DEPLOYMENT_TARGET = 8.1;
				MTL_ENABLE_DEBUG_INFO = NO;
				SDKROOT = iphoneos;
				TARGETED_DEVICE_FAMILY = "1,2";
				VALIDATE_PRODUCT = YES;
			};
			name = Release;
		};
		4FE651791A616447006AE6EC /* Debug */ = {
			isa = XCBuildConfiguration;
			buildSettings = {
				ASSETCATALOG_COMPILER_APPICON_NAME = AppIcon;
				INFOPLIST_FILE = OrderChef/Info.plist;
				LD_RUNPATH_SEARCH_PATHS = "$(inherited) @executable_path/Frameworks";
				PRODUCT_NAME = "$(TARGET_NAME)";
			};
			name = Debug;
		};
		4FE6517A1A616447006AE6EC /* Release */ = {
			isa = XCBuildConfiguration;
			buildSettings = {
				ASSETCATALOG_COMPILER_APPICON_NAME = AppIcon;
				INFOPLIST_FILE = OrderChef/Info.plist;
				LD_RUNPATH_SEARCH_PATHS = "$(inherited) @executable_path/Frameworks";
				PRODUCT_NAME = "$(TARGET_NAME)";
			};
			name = Release;
		};
		4FE6517C1A616447006AE6EC /* Debug */ = {
			isa = XCBuildConfiguration;
			buildSettings = {
				BUNDLE_LOADER = "$(TEST_HOST)";
				FRAMEWORK_SEARCH_PATHS = (
					"$(SDKROOT)/Developer/Library/Frameworks",
					"$(inherited)",
				);
				GCC_PREPROCESSOR_DEFINITIONS = (
					"DEBUG=1",
					"$(inherited)",
				);
				INFOPLIST_FILE = OrderChefTests/Info.plist;
				LD_RUNPATH_SEARCH_PATHS = "$(inherited) @executable_path/Frameworks @loader_path/Frameworks";
				PRODUCT_NAME = "$(TARGET_NAME)";
				TEST_HOST = "$(BUILT_PRODUCTS_DIR)/OrderChef.app/OrderChef";
			};
			name = Debug;
		};
		4FE6517D1A616447006AE6EC /* Release */ = {
			isa = XCBuildConfiguration;
			buildSettings = {
				BUNDLE_LOADER = "$(TEST_HOST)";
				FRAMEWORK_SEARCH_PATHS = (
					"$(SDKROOT)/Developer/Library/Frameworks",
					"$(inherited)",
				);
				INFOPLIST_FILE = OrderChefTests/Info.plist;
				LD_RUNPATH_SEARCH_PATHS = "$(inherited) @executable_path/Frameworks @loader_path/Frameworks";
				PRODUCT_NAME = "$(TARGET_NAME)";
				TEST_HOST = "$(BUILT_PRODUCTS_DIR)/OrderChef.app/OrderChef";
			};
			name = Release;
		};
/* End XCBuildConfiguration section */

/* Begin XCConfigurationList section */
		4FE651541A616447006AE6EC /* Build configuration list for PBXProject "OrderChef" */ = {
			isa = XCConfigurationList;
			buildConfigurations = (
				4FE651761A616447006AE6EC /* Debug */,
				4FE651771A616447006AE6EC /* Release */,
			);
			defaultConfigurationIsVisible = 0;
			defaultConfigurationName = Release;
		};
		4FE651781A616447006AE6EC /* Build configuration list for PBXNativeTarget "OrderChef" */ = {
			isa = XCConfigurationList;
			buildConfigurations = (
				4FE651791A616447006AE6EC /* Debug */,
				4FE6517A1A616447006AE6EC /* Release */,
			);
			defaultConfigurationIsVisible = 0;
		};
		4FE6517B1A616447006AE6EC /* Build configuration list for PBXNativeTarget "OrderChefTests" */ = {
			isa = XCConfigurationList;
			buildConfigurations = (
				4FE6517C1A616447006AE6EC /* Debug */,
				4FE6517D1A616447006AE6EC /* Release */,
			);
			defaultConfigurationIsVisible = 0;
		};
/* End XCConfigurationList section */
	};
	rootObject = 4FE651511A616447006AE6EC /* Project object */;
}
